
Microsoft Visual Studio Solution File, Format Version 12.00
# Visual Studio 15
Project("{FAE04EC0-301F-11D3-BF4B-00C04F79EFBC}") = "AuthDemo", "AuthDemo.csproj", "{3AF20776-729B-4761-BAB3-6A86F9A8361F}"
EndProject
Global
	GlobalSection(SolutionConfigurationPlatforms) = preSolution
		Debug|Any CPU = Debug|Any CPU
		Release|Any CPU = Release|Any CPU
	EndGlobalSection
	GlobalSection(ProjectConfigurationPlatforms) = postSolution
		{3AF20776-729B-4761-BAB3-6A86F9A8361F}.Debug|Any CPU.ActiveCfg = Debug|Any CPU
		{3AF20776-729B-4761-BAB3-6A86F9A8361F}.Debug|Any CPU.Build.0 = Debug|Any CPU
		{3AF20776-729B-4761-BAB3-6A86F9A8361F}.Release|Any CPU.ActiveCfg = Release|Any CPU
		{3AF20776-729B-4761-BAB3-6A86F9A8361F}.Release|Any CPU.Build.0 = Release|Any CPU
	EndGlobalSection
EndGlobal
